
Microsoft Visual Studio Solution File, Format Version 12.00
# Visual Studio Version 16
VisualStudioVersion = 16.0.31402.337
MinimumVisualStudioVersion = 10.0.40219.1
Project("{FAE04EC0-301F-11D3-BF4B-00C04F79EFBC}") = "Pharmacy Management System", "Pharmacy Management System.csproj", "{AB8A8E27-592B-46C2-AEDA-CD92EA07818B}"
EndProject
Global
	GlobalSection(SolutionConfigurationPlatforms) = preSolution
		Debug|Any CPU = Debug|Any CPU
		Release|Any CPU = Release|Any CPU
	EndGlobalSection
	GlobalSection(ProjectConfigurationPlatforms) = postSolution
		{AB8A8E27-592B-46C2-AEDA-CD92EA07818B}.Debug|Any CPU.ActiveCfg = Debug|Any CPU
		{AB8A8E27-592B-46C2-AEDA-CD92EA07818B}.Debug|Any CPU.Build.0 = Debug|Any CPU
		{AB8A8E27-592B-46C2-AEDA-CD92EA07818B}.Release|Any CPU.ActiveCfg = Release|Any CPU
		{AB8A8E27-592B-46C2-AEDA-CD92EA07818B}.Release|Any CPU.Build.0 = Release|Any CPU
	EndGlobalSection
	GlobalSection(SolutionProperties) = preSolution
		HideSolutionNode = FALSE
	EndGlobalSection
	GlobalSection(ExtensibilityGlobals) = postSolution
		SolutionGuid = {EB535E1E-2B35-4B11-911A-70561CF64A9B}
	EndGlobalSection
EndGlobal
